// !$*UTF8*$!
{
	archiveVersion = 1;
	classes = {
	};
	objectVersion = 46;
	objects = {

/* Begin PBXBuildFile section */
		B68CDD4F19F15DC400F78428 /* main.m in Sources */ = {isa = PBXBuildFile; fileRef = B68CDD4E19F15DC400F78428 /* main.m */; };
		B68CDD5819F15EFA00F78428 /* test.m in Sources */ = {isa = PBXBuildFile; fileRef = B68CDD5719F15EFA00F78428 /* test.m */; };
/* End PBXBuildFile section */

/* Begin PBXCopyFilesBuildPhase section */
		B68CDD4919F15DC400F78428 /* CopyFiles */ = {
			isa = PBXCopyFilesBuildPhase;
			buildActionMask = 2147483647;
			dstPath = /usr/share/man/man1/;
			dstSubfolderSpec = 0;
			files = (
			);
			runOnlyForDeploymentPostprocessing = 1;
		};
/* End PBXCopyFilesBuildPhase section */

/* Begin PBXFileReference section */
		B68CDD4B19F15DC400F78428 /* Score_Track_terminal */ = {isa = PBXFileReference; explicitFileType = "compiled.mach-o.executable"; includeInIndex = 0; path = Score_Track_terminal; sourceTree = BUILT_PRODUCTS_DIR; };
		B68CDD4E19F15DC400F78428 /* main.m */ = {isa = PBXFileReference; lastKnownFileType = sourcecode.c.objc; path = main.m; sourceTree = "<group>"; };
		B68CDD5719F15EFA00F78428 /* test.m */ = {isa = PBXFileReference; fileEncoding = 4; lastKnownFileType = sourcecode.c.objc; path = test.m; sourceTree = "<group>"; };
/* End PBXFileReference section */

/* Begin PBXFrameworksBuildPhase section */
		B68CDD4819F15DC400F78428 /* Frameworks */ = {
			isa = PBXFrameworksBuildPhase;
			buildActionMask = 2147483647;
			files = (
			);
			runOnlyForDeploymentPostprocessing = 0;
		};
/* End PBXFrameworksBuildPhase section */

/* Begin PBXGroup section */
		B68CDD4219F15DC400F78428 = {
			isa = PBXGroup;
			children = (
				B68CDD4D19F15DC400F78428 /* Score_Track_terminal */,
				B68CDD4C19F15DC400F78428 /* Products */,
			);
			sourceTree = "<group>";
		};
		B68CDD4C19F15DC400F78428 /* Products */ = {
			isa = PBXGroup;
			children = (
				B68CDD4B19F15DC400F78428 /* Score_Track_terminal */,
			);
			name = Products;
			sourceTree = "<group>";
		};
		B68CDD4D19F15DC400F78428 /* Score_Track_terminal */ = {
			isa = PBXGroup;
			children = (
				B68CDD4E19F15DC400F78428 /* main.m */,
				B68CDD5719F15EFA00F78428 /* test.m */,
			);
			path = Score_Track_terminal;
			sourceTree = "<group>";
		};
/* End PBXGroup section */

/* Begin PBXNativeTarget section */
		B68CDD4A19F15DC400F78428 /* Score_Track_terminal */ = {
			isa = PBXNativeTarget;
			buildConfigurationList = B68CDD5219F15DC400F78428 /* Build configuration list for PBXNativeTarget "Score_Track_terminal" */;
			buildPhases = (
				B68CDD4719F15DC400F78428 /* Sources */,
				B68CDD4819F15DC400F78428 /* Frameworks */,
				B68CDD4919F15DC400F78428 /* CopyFiles */,
			);
			buildRules = (
			);
			dependencies = (
			);
			name = Score_Track_terminal;
			productName = Score_Track_terminal;
			productReference = B68CDD4B19F15DC400F78428 /* Score_Track_terminal */;
			productType = "com.apple.product-type.tool";
		};
/* End PBXNativeTarget section */

/* Begin PBXProject section */
		B68CDD4319F15DC400F78428 /* Project object */ = {
			isa = PBXProject;
			attributes = {
				LastUpgradeCheck = 0600;
				ORGANIZATIONNAME = "Yuki Kamada";
				TargetAttributes = {
					B68CDD4A19F15DC400F78428 = {
						CreatedOnToolsVersion = 6.0.1;
					};
				};
			};
			buildConfigurationList = B68CDD4619F15DC400F78428 /* Build configuration list for PBXProject "Score_Track_terminal" */;
			compatibilityVersion = "Xcode 3.2";
			developmentRegion = English;
			hasScannedForEncodings = 0;
			knownRegions = (
				en,
			);
			mainGroup = B68CDD4219F15DC400F78428;
			productRefGroup = B68CDD4C19F15DC400F78428 /* Products */;
			projectDirPath = "";
			projectRoot = "";
			targets = (
				B68CDD4A19F15DC400F78428 /* Score_Track_terminal */,
			);
		};
/* End PBXProject section */

/* Begin PBXSourcesBuildPhase section */
		B68CDD4719F15DC400F78428 /* Sources */ = {
			isa = PBXSourcesBuildPhase;
			buildActionMask = 2147483647;
			files = (
				B68CDD4F19F15DC400F78428 /* main.m in Sources */,
				B68CDD5819F15EFA00F78428 /* test.m in Sources */,
			);
			runOnlyForDeploymentPostprocessing = 0;
		};
/* End PBXSourcesBuildPhase section */

/* Begin XCBuildConfiguration section */
		B68CDD5019F15DC400F78428 /* Debug */ = {
			isa = XCBuildConfiguration;
			buildSettings = {
				ALWAYS_SEARCH_USER_PATHS = NO;
				CLANG_CXX_LANGUAGE_STANDARD = "gnu++0x";
				CLANG_CXX_LIBRARY = "libc++";
				CLANG_ENABLE_MODULES = YES;
				CLANG_ENABLE_OBJC_ARC = YES;
				CLANG_WARN_BOOL_CONVERSION = YES;
				CLANG_WARN_CONSTANT_CONVERSION = YES;
				CLANG_WARN_DIRECT_OBJC_ISA_USAGE = YES_ERROR;
				CLANG_WARN_EMPTY_BODY = YES;
				CLANG_WARN_ENUM_CONVERSION = YES;
				CLANG_WARN_INT_CONVERSION = YES;
				CLANG_WARN_OBJC_ROOT_CLASS = YES_ERROR;
				CLANG_WARN_UNREACHABLE_CODE = YES;
				CLANG_WARN__DUPLICATE_METHOD_MATCH = YES;
				COPY_PHASE_STRIP = NO;
				ENABLE_STRICT_OBJC_MSGSEND = YES;
				GCC_C_LANGUAGE_STANDARD = gnu99;
				GCC_DYNAMIC_NO_PIC = NO;
				GCC_OPTIMIZATION_LEVEL = 0;
				GCC_PREPROCESSOR_DEFINITIONS = (
					"DEBUG=1",
					"$(inherited)",
				);
				GCC_SYMBOLS_PRIVATE_EXTERN = NO;
				GCC_WARN_64_TO_32_BIT_CONVERSION = YES;
				GCC_WARN_ABOUT_RETURN_TYPE = YES_ERROR;
				GCC_WARN_UNDECLARED_SELECTOR = YES;
				GCC_WARN_UNINITIALIZED_AUTOS = YES_AGGRESSIVE;
				GCC_WARN_UNUSED_FUNCTION = YES;
				GCC_WARN_UNUSED_VARIABLE = YES;
				MACOSX_DEPLOYMENT_TARGET = 10.9;
				MTL_ENABLE_DEBUG_INFO = YES;
				ONLY_ACTIVE_ARCH = YES;
				SDKROOT = macosx;
			};
			name = Debug;
		};
		B68CDD5119F15DC400F78428 /* Release */ = {
			isa = XCBuildConfiguration;
			buildSettings = {
				ALWAYS_SEARCH_USER_PATHS = NO;
				CLANG_CXX_LANGUAGE_STANDARD = "gnu++0x";
				CLANG_CXX_LIBRARY = "libc++";
				CLANG_ENABLE_MODULES = YES;
				CLANG_ENABLE_OBJC_ARC = YES;
				CLANG_WARN_BOOL_CONVERSION = YES;
				CLANG_WARN_CONSTANT_CONVERSION = YES;
				CLANG_WARN_DIRECT_OBJC_ISA_USAGE = YES_ERROR;
				CLANG_WARN_EMPTY_BODY = YES;
				CLANG_WARN_ENUM_CONVERSION = YES;
				CLANG_WARN_INT_CONVERSION = YES;
				CLANG_WARN_OBJC_ROOT_CLASS = YES_ERROR;
				CLANG_WARN_UNREACHABLE_CODE = YES;
				CLANG_WARN__DUPLICATE_METHOD_MATCH = YES;
				COPY_PHASE_STRIP = YES;
				DEBUG_INFORMATION_FORMAT = "dwarf-with-dsym";
				ENABLE_NS_ASSERTIONS = NO;
				ENABLE_STRICT_OBJC_MSGSEND = YES;
				GCC_C_LANGUAGE_STANDARD = gnu99;
				GCC_WARN_64_TO_32_BIT_CONVERSION = YES;
				GCC_WARN_ABOUT_RETURN_TYPE = YES_ERROR;
				GCC_WARN_UNDECLARED_SELECTOR = YES;
				GCC_WARN_UNINITIALIZED_AUTOS = YES_AGGRESSIVE;
				GCC_WARN_UNUSED_FUNCTION = YES;
				GCC_WARN_UNUSED_VARIABLE = YES;
				MACOSX_DEPLOYMENT_TARGET = 10.9;
				MTL_ENABLE_DEBUG_INFO = NO;
				SDKROOT = macosx;
			};
			name = Release;
		};
		B68CDD5319F15DC400F78428 /* Debug */ = {
			isa = XCBuildConfiguration;
			buildSettings = {
				PRODUCT_NAME = "$(TARGET_NAME)";
			};
			name = Debug;
		};
		B68CDD5419F15DC400F78428 /* Release */ = {
			isa = XCBuildConfiguration;
			buildSettings = {
				PRODUCT_NAME = "$(TARGET_NAME)";
			};
			name = Release;
		};
/* End XCBuildConfiguration section */

/* Begin XCConfigurationList section */
		B68CDD4619F15DC400F78428 /* Build configuration list for PBXProject "Score_Track_terminal" */ = {
			isa = XCConfigurationList;
			buildConfigurations = (
				B68CDD5019F15DC400F78428 /* Debug */,
				B68CDD5119F15DC400F78428 /* Release */,
			);
			defaultConfigurationIsVisible = 0;
			defaultConfigurationName = Release;
		};
		B68CDD5219F15DC400F78428 /* Build configuration list for PBXNativeTarget "Score_Track_terminal" */ = {
			isa = XCConfigurationList;
			buildConfigurations = (
				B68CDD5319F15DC400F78428 /* Debug */,
				B68CDD5419F15DC400F78428 /* Release */,
			);
			defaultConfigurationIsVisible = 0;
		};
/* End XCConfigurationList section */
	};
	rootObject = B68CDD4319F15DC400F78428 /* Project object */;
}
